
Microsoft Visual Studio Solution File, Format Version 12.00
# Visual Studio Version 17
VisualStudioVersion = 17.12.35527.113
MinimumVisualStudioVersion = 10.0.40219.1
Project("{FAE04EC0-301F-11D3-BF4B-00C04F79EFBC}") = "PSSN.Api", "PSSN.Api\PSSN.Api.csproj", "{B918FC6E-AA34-46EC-AC2C-8AF9049E9FC4}"
EndProject
Project("{FAE04EC0-301F-11D3-BF4B-00C04F79EFBC}") = "PSSN.Common", "PSSN.Common\PSSN.Common.csproj", "{09B2EC2C-A473-44BF-9751-B75C00E1DF1B}"
EndProject
Project("{FAE04EC0-301F-11D3-BF4B-00C04F79EFBC}") = "PSSN.Core", "PSSN.Core\PSSN.Core.csproj", "{242E2DBD-0ECA-416E-99B6-3C2BBF6D312E}"
EndProject
Project("{FAE04EC0-301F-11D3-BF4B-00C04F79EFBC}") = "PSSN.Api.Tests", "PSSN.Api.Tests\PSSN.Api.Tests.csproj", "{842CBA3E-5A29-4BE6-A8C6-DA07482DDBAB}"
EndProject
Project("{FAE04EC0-301F-11D3-BF4B-00C04F79EFBC}") = "PSSN.Core.Tests", "PSSN.Core.Tests\PSSN.Core.Tests.csproj", "{C3ED9D6E-CBAA-493A-9F54-10CF3616FD4E}"
EndProject
Project("{E24C65DC-7377-472B-9ABA-BC803B73C61A}") = "PSSN.Web", "PSSN.Web\", "{183CE40D-454C-46A3-A5A9-5D6D0CD0CF6B}"
	ProjectSection(WebsiteProperties) = preProject
		TargetFrameworkMoniker = ".NETFramework,Version%3Dv4.8"
		Debug.AspNetCompiler.VirtualPath = "/localhost_49932"
		Debug.AspNetCompiler.PhysicalPath = "PSSN.Web\"
		Debug.AspNetCompiler.TargetPath = "PrecompiledWeb\localhost_49932\"
		Debug.AspNetCompiler.Updateable = "true"
		Debug.AspNetCompiler.ForceOverwrite = "true"
		Debug.AspNetCompiler.FixedNames = "false"
		Debug.AspNetCompiler.Debug = "True"
		Release.AspNetCompiler.VirtualPath = "/localhost_49932"
		Release.AspNetCompiler.PhysicalPath = "PSSN.Web\"
		Release.AspNetCompiler.TargetPath = "PrecompiledWeb\localhost_49932\"
		Release.AspNetCompiler.Updateable = "true"
		Release.AspNetCompiler.ForceOverwrite = "true"
		Release.AspNetCompiler.FixedNames = "false"
		Release.AspNetCompiler.Debug = "False"
		VWDPort = "49932"
		SlnRelativePath = "PSSN.Web\"
	EndProjectSection
EndProject
Project("{2150E333-8FDC-42A3-9474-1A3956D46DE8}") = "Solution Items", "Solution Items", "{18FE11F7-1C21-4916-A28E-344DF7AC2AFB}"
	ProjectSection(SolutionItems) = preProject
		.env = .env
		.gitignore = .gitignore
		docker-compose.yml = docker-compose.yml
	EndProjectSection
EndProject
Global
	GlobalSection(SolutionConfigurationPlatforms) = preSolution
		Debug|Any CPU = Debug|Any CPU
		Release|Any CPU = Release|Any CPU
	EndGlobalSection
	GlobalSection(ProjectConfigurationPlatforms) = postSolution
		{B918FC6E-AA34-46EC-AC2C-8AF9049E9FC4}.Debug|Any CPU.ActiveCfg = Debug|Any CPU
		{B918FC6E-AA34-46EC-AC2C-8AF9049E9FC4}.Debug|Any CPU.Build.0 = Debug|Any CPU
		{B918FC6E-AA34-46EC-AC2C-8AF9049E9FC4}.Release|Any CPU.ActiveCfg = Release|Any CPU
		{B918FC6E-AA34-46EC-AC2C-8AF9049E9FC4}.Release|Any CPU.Build.0 = Release|Any CPU
		{09B2EC2C-A473-44BF-9751-B75C00E1DF1B}.Debug|Any CPU.ActiveCfg = Debug|Any CPU
		{09B2EC2C-A473-44BF-9751-B75C00E1DF1B}.Debug|Any CPU.Build.0 = Debug|Any CPU
		{09B2EC2C-A473-44BF-9751-B75C00E1DF1B}.Release|Any CPU.ActiveCfg = Release|Any CPU
		{09B2EC2C-A473-44BF-9751-B75C00E1DF1B}.Release|Any CPU.Build.0 = Release|Any CPU
		{242E2DBD-0ECA-416E-99B6-3C2BBF6D312E}.Debug|Any CPU.ActiveCfg = Debug|Any CPU
		{242E2DBD-0ECA-416E-99B6-3C2BBF6D312E}.Debug|Any CPU.Build.0 = Debug|Any CPU
		{242E2DBD-0ECA-416E-99B6-3C2BBF6D312E}.Release|Any CPU.ActiveCfg = Release|Any CPU
		{242E2DBD-0ECA-416E-99B6-3C2BBF6D312E}.Release|Any CPU.Build.0 = Release|Any CPU
		{842CBA3E-5A29-4BE6-A8C6-DA07482DDBAB}.Debug|Any CPU.ActiveCfg = Debug|Any CPU
		{842CBA3E-5A29-4BE6-A8C6-DA07482DDBAB}.Debug|Any CPU.Build.0 = Debug|Any CPU
		{842CBA3E-5A29-4BE6-A8C6-DA07482DDBAB}.Release|Any CPU.ActiveCfg = Release|Any CPU
		{842CBA3E-5A29-4BE6-A8C6-DA07482DDBAB}.Release|Any CPU.Build.0 = Release|Any CPU
		{C3ED9D6E-CBAA-493A-9F54-10CF3616FD4E}.Debug|Any CPU.ActiveCfg = Debug|Any CPU
		{C3ED9D6E-CBAA-493A-9F54-10CF3616FD4E}.Debug|Any CPU.Build.0 = Debug|Any CPU
		{C3ED9D6E-CBAA-493A-9F54-10CF3616FD4E}.Release|Any CPU.ActiveCfg = Release|Any CPU
		{C3ED9D6E-CBAA-493A-9F54-10CF3616FD4E}.Release|Any CPU.Build.0 = Release|Any CPU
		{183CE40D-454C-46A3-A5A9-5D6D0CD0CF6B}.Debug|Any CPU.ActiveCfg = Debug|Any CPU
		{183CE40D-454C-46A3-A5A9-5D6D0CD0CF6B}.Debug|Any CPU.Build.0 = Debug|Any CPU
		{183CE40D-454C-46A3-A5A9-5D6D0CD0CF6B}.Release|Any CPU.ActiveCfg = Debug|Any CPU
		{183CE40D-454C-46A3-A5A9-5D6D0CD0CF6B}.Release|Any CPU.Build.0 = Debug|Any CPU
	EndGlobalSection
	GlobalSection(SolutionProperties) = preSolution
		HideSolutionNode = FALSE
	EndGlobalSection
EndGlobal
