
Microsoft Visual Studio Solution File, Format Version 12.00
# 
Project("{FAE04EC0-301F-11D3-BF4B-00C04F79EFBC}") = "PSSN.Api", "PSSN.Api\PSSN.Api.csproj", "{B918FC6E-AA34-46EC-AC2C-8AF9049E9FC4}"
EndProject
Project("{FAE04EC0-301F-11D3-BF4B-00C04F79EFBC}") = "PSSN.Common", "PSSN.Common\PSSN.Common.csproj", "{09B2EC2C-A473-44BF-9751-B75C00E1DF1B}"
EndProject
Project("{FAE04EC0-301F-11D3-BF4B-00C04F79EFBC}") = "PSSN.Core", "PSSN.Core\PSSN.Core.csproj", "{242E2DBD-0ECA-416E-99B6-3C2BBF6D312E}"
EndProject
Project("{FAE04EC0-301F-11D3-BF4B-00C04F79EFBC}") = "PSSN.Api.Tests", "PSSN.Api.Tests\PSSN.Api.Tests.csproj", "{842CBA3E-5A29-4BE6-A8C6-DA07482DDBAB}"
EndProject
Project("{FAE04EC0-301F-11D3-BF4B-00C04F79EFBC}") = "PSSN.Core.Tests", "PSSN.Core.Tests\PSSN.Core.Tests.csproj", "{C3ED9D6E-CBAA-493A-9F54-10CF3616FD4E}"
EndProject
Global
	GlobalSection(SolutionConfigurationPlatforms) = preSolution
		Debug|Any CPU = Debug|Any CPU
		Release|Any CPU = Release|Any CPU
	EndGlobalSection
	GlobalSection(ProjectConfigurationPlatforms) = postSolution
		{B918FC6E-AA34-46EC-AC2C-8AF9049E9FC4}.Debug|Any CPU.ActiveCfg = Debug|Any CPU
		{B918FC6E-AA34-46EC-AC2C-8AF9049E9FC4}.Debug|Any CPU.Build.0 = Debug|Any CPU
		{B918FC6E-AA34-46EC-AC2C-8AF9049E9FC4}.Release|Any CPU.ActiveCfg = Release|Any CPU
		{B918FC6E-AA34-46EC-AC2C-8AF9049E9FC4}.Release|Any CPU.Build.0 = Release|Any CPU
		{09B2EC2C-A473-44BF-9751-B75C00E1DF1B}.Debug|Any CPU.ActiveCfg = Debug|Any CPU
		{09B2EC2C-A473-44BF-9751-B75C00E1DF1B}.Debug|Any CPU.Build.0 = Debug|Any CPU
		{09B2EC2C-A473-44BF-9751-B75C00E1DF1B}.Release|Any CPU.ActiveCfg = Release|Any CPU
		{09B2EC2C-A473-44BF-9751-B75C00E1DF1B}.Release|Any CPU.Build.0 = Release|Any CPU
		{242E2DBD-0ECA-416E-99B6-3C2BBF6D312E}.Debug|Any CPU.ActiveCfg = Debug|Any CPU
		{242E2DBD-0ECA-416E-99B6-3C2BBF6D312E}.Debug|Any CPU.Build.0 = Debug|Any CPU
		{242E2DBD-0ECA-416E-99B6-3C2BBF6D312E}.Release|Any CPU.ActiveCfg = Release|Any CPU
		{242E2DBD-0ECA-416E-99B6-3C2BBF6D312E}.Release|Any CPU.Build.0 = Release|Any CPU
		{842CBA3E-5A29-4BE6-A8C6-DA07482DDBAB}.Debug|Any CPU.ActiveCfg = Debug|Any CPU
		{842CBA3E-5A29-4BE6-A8C6-DA07482DDBAB}.Debug|Any CPU.Build.0 = Debug|Any CPU
		{842CBA3E-5A29-4BE6-A8C6-DA07482DDBAB}.Release|Any CPU.ActiveCfg = Release|Any CPU
		{842CBA3E-5A29-4BE6-A8C6-DA07482DDBAB}.Release|Any CPU.Build.0 = Release|Any CPU
		{C3ED9D6E-CBAA-493A-9F54-10CF3616FD4E}.Debug|Any CPU.ActiveCfg = Debug|Any CPU
		{C3ED9D6E-CBAA-493A-9F54-10CF3616FD4E}.Debug|Any CPU.Build.0 = Debug|Any CPU
		{C3ED9D6E-CBAA-493A-9F54-10CF3616FD4E}.Release|Any CPU.ActiveCfg = Release|Any CPU
		{C3ED9D6E-CBAA-493A-9F54-10CF3616FD4E}.Release|Any CPU.Build.0 = Release|Any CPU
	EndGlobalSection
EndGlobal
